// !$*UTF8*$!
{
	archiveVersion = 1;
	classes = {
	};
	objectVersion = 56;
	objects = {

/* Begin PBXBuildFile section */
		65EAC8F6974366B2C6DCD4F4 /* Pods_Messenger.framework in Frameworks */ = {isa = PBXBuildFile; fileRef = 1D4D425333A1B61E34F7D7D6 /* Pods_Messenger.framework */; };
		CED676ED29542C0100887511 /* AppDelegate.swift in Sources */ = {isa = PBXBuildFile; fileRef = CED676EC29542C0100887511 /* AppDelegate.swift */; };
		CED676EF29542C0100887511 /* SceneDelegate.swift in Sources */ = {isa = PBXBuildFile; fileRef = CED676EE29542C0100887511 /* SceneDelegate.swift */; };
		CED676F129542C0100887511 /* ConversationsViewController.swift in Sources */ = {isa = PBXBuildFile; fileRef = CED676F029542C0100887511 /* ConversationsViewController.swift */; };
		CED676F429542C0100887511 /* Main.storyboard in Resources */ = {isa = PBXBuildFile; fileRef = CED676F229542C0100887511 /* Main.storyboard */; };
		CED676F629542C0200887511 /* Assets.xcassets in Resources */ = {isa = PBXBuildFile; fileRef = CED676F529542C0200887511 /* Assets.xcassets */; };
		CED676F929542C0200887511 /* LaunchScreen.storyboard in Resources */ = {isa = PBXBuildFile; fileRef = CED676F729542C0200887511 /* LaunchScreen.storyboard */; };
		CED6770729542ECF00887511 /* LoginViewController.swift in Sources */ = {isa = PBXBuildFile; fileRef = CED6770629542ECF00887511 /* LoginViewController.swift */; };
		CED6770929542EDF00887511 /* RegisterViewController.swift in Sources */ = {isa = PBXBuildFile; fileRef = CED6770829542EDF00887511 /* RegisterViewController.swift */; };
		CED6770B29542EFC00887511 /* PhotoViewerViewController.swift in Sources */ = {isa = PBXBuildFile; fileRef = CED6770A29542EFC00887511 /* PhotoViewerViewController.swift */; };
		CED6770D29542F0900887511 /* VideoPlayerViewController.swift in Sources */ = {isa = PBXBuildFile; fileRef = CED6770C29542F0900887511 /* VideoPlayerViewController.swift */; };
		CED6770F29542F2400887511 /* NewConversationViewController.swift in Sources */ = {isa = PBXBuildFile; fileRef = CED6770E29542F2400887511 /* NewConversationViewController.swift */; };
		CED6771129542F3D00887511 /* ProfileViewController.swift in Sources */ = {isa = PBXBuildFile; fileRef = CED6771029542F3D00887511 /* ProfileViewController.swift */; };
		CED677152954388500887511 /* Extension.swift in Sources */ = {isa = PBXBuildFile; fileRef = CED677142954388500887511 /* Extension.swift */; };
		CED677192954513F00887511 /* GoogleService-Info.plist in Resources */ = {isa = PBXBuildFile; fileRef = CED677182954513F00887511 /* GoogleService-Info.plist */; };
		CED6771B2954584300887511 /* DatabaseManager.swift in Sources */ = {isa = PBXBuildFile; fileRef = CED6771A2954584300887511 /* DatabaseManager.swift */; };
/* End PBXBuildFile section */

/* Begin PBXFileReference section */
		1D4D425333A1B61E34F7D7D6 /* Pods_Messenger.framework */ = {isa = PBXFileReference; explicitFileType = wrapper.framework; includeInIndex = 0; path = Pods_Messenger.framework; sourceTree = BUILT_PRODUCTS_DIR; };
		5621CC8A2F0356B7604B6AB8 /* Pods-Messenger.release.xcconfig */ = {isa = PBXFileReference; includeInIndex = 1; lastKnownFileType = text.xcconfig; name = "Pods-Messenger.release.xcconfig"; path = "Target Support Files/Pods-Messenger/Pods-Messenger.release.xcconfig"; sourceTree = "<group>"; };
		CED676E929542C0100887511 /* Messenger.app */ = {isa = PBXFileReference; explicitFileType = wrapper.application; includeInIndex = 0; path = Messenger.app; sourceTree = BUILT_PRODUCTS_DIR; };
		CED676EC29542C0100887511 /* AppDelegate.swift */ = {isa = PBXFileReference; lastKnownFileType = sourcecode.swift; path = AppDelegate.swift; sourceTree = "<group>"; };
		CED676EE29542C0100887511 /* SceneDelegate.swift */ = {isa = PBXFileReference; lastKnownFileType = sourcecode.swift; path = SceneDelegate.swift; sourceTree = "<group>"; };
		CED676F029542C0100887511 /* ConversationsViewController.swift */ = {isa = PBXFileReference; lastKnownFileType = sourcecode.swift; path = ConversationsViewController.swift; sourceTree = "<group>"; };
		CED676F329542C0100887511 /* Base */ = {isa = PBXFileReference; lastKnownFileType = file.storyboard; name = Base; path = Base.lproj/Main.storyboard; sourceTree = "<group>"; };
		CED676F529542C0200887511 /* Assets.xcassets */ = {isa = PBXFileReference; lastKnownFileType = folder.assetcatalog; path = Assets.xcassets; sourceTree = "<group>"; };
		CED676F829542C0200887511 /* Base */ = {isa = PBXFileReference; lastKnownFileType = file.storyboard; name = Base; path = Base.lproj/LaunchScreen.storyboard; sourceTree = "<group>"; };
		CED676FA29542C0200887511 /* Info.plist */ = {isa = PBXFileReference; lastKnownFileType = text.plist.xml; path = Info.plist; sourceTree = "<group>"; };
		CED6770629542ECF00887511 /* LoginViewController.swift */ = {isa = PBXFileReference; lastKnownFileType = sourcecode.swift; path = LoginViewController.swift; sourceTree = "<group>"; };
		CED6770829542EDF00887511 /* RegisterViewController.swift */ = {isa = PBXFileReference; lastKnownFileType = sourcecode.swift; path = RegisterViewController.swift; sourceTree = "<group>"; };
		CED6770A29542EFC00887511 /* PhotoViewerViewController.swift */ = {isa = PBXFileReference; lastKnownFileType = sourcecode.swift; path = PhotoViewerViewController.swift; sourceTree = "<group>"; };
		CED6770C29542F0900887511 /* VideoPlayerViewController.swift */ = {isa = PBXFileReference; lastKnownFileType = sourcecode.swift; path = VideoPlayerViewController.swift; sourceTree = "<group>"; };
		CED6770E29542F2400887511 /* NewConversationViewController.swift */ = {isa = PBXFileReference; lastKnownFileType = sourcecode.swift; path = NewConversationViewController.swift; sourceTree = "<group>"; };
		CED6771029542F3D00887511 /* ProfileViewController.swift */ = {isa = PBXFileReference; lastKnownFileType = sourcecode.swift; path = ProfileViewController.swift; sourceTree = "<group>"; };
		CED677142954388500887511 /* Extension.swift */ = {isa = PBXFileReference; lastKnownFileType = sourcecode.swift; path = Extension.swift; sourceTree = "<group>"; };
		CED677182954513F00887511 /* GoogleService-Info.plist */ = {isa = PBXFileReference; fileEncoding = 4; lastKnownFileType = text.plist.xml; path = "GoogleService-Info.plist"; sourceTree = "<group>"; };
		CED6771A2954584300887511 /* DatabaseManager.swift */ = {isa = PBXFileReference; lastKnownFileType = sourcecode.swift; path = DatabaseManager.swift; sourceTree = "<group>"; };
		DDB1AC9B602988443BCBC1EA /* Pods-Messenger.debug.xcconfig */ = {isa = PBXFileReference; includeInIndex = 1; lastKnownFileType = text.xcconfig; name = "Pods-Messenger.debug.xcconfig"; path = "Target Support Files/Pods-Messenger/Pods-Messenger.debug.xcconfig"; sourceTree = "<group>"; };
/* End PBXFileReference section */

/* Begin PBXFrameworksBuildPhase section */
		CED676E629542C0100887511 /* Frameworks */ = {
			isa = PBXFrameworksBuildPhase;
			buildActionMask = 2147483647;
			files = (
				65EAC8F6974366B2C6DCD4F4 /* Pods_Messenger.framework in Frameworks */,
			);
			runOnlyForDeploymentPostprocessing = 0;
		};
/* End PBXFrameworksBuildPhase section */

/* Begin PBXGroup section */
		7EF4A1657CC8B74BBAB05FBF /* Frameworks */ = {
			isa = PBXGroup;
			children = (
				1D4D425333A1B61E34F7D7D6 /* Pods_Messenger.framework */,
			);
			name = Frameworks;
			sourceTree = "<group>";
		};
		869963A75D221B84B8525998 /* Pods */ = {
			isa = PBXGroup;
			children = (
				DDB1AC9B602988443BCBC1EA /* Pods-Messenger.debug.xcconfig */,
				5621CC8A2F0356B7604B6AB8 /* Pods-Messenger.release.xcconfig */,
			);
			path = Pods;
			sourceTree = "<group>";
		};
		CED676E029542C0100887511 = {
			isa = PBXGroup;
			children = (
				CED676EB29542C0100887511 /* Messenger */,
				CED676EA29542C0100887511 /* Products */,
				869963A75D221B84B8525998 /* Pods */,
				7EF4A1657CC8B74BBAB05FBF /* Frameworks */,
			);
			sourceTree = "<group>";
		};
		CED676EA29542C0100887511 /* Products */ = {
			isa = PBXGroup;
			children = (
				CED676E929542C0100887511 /* Messenger.app */,
			);
			name = Products;
			sourceTree = "<group>";
		};
		CED676EB29542C0100887511 /* Messenger */ = {
			isa = PBXGroup;
			children = (
				CED677182954513F00887511 /* GoogleService-Info.plist */,
				CED6770429542DCE00887511 /* Resources */,
				CED6770329542DC800887511 /* Models */,
				CED6770229542DB900887511 /* ViewModels */,
				CED6770129542DAE00887511 /* Views */,
				CED6770029542DA800887511 /* Controllers */,
				CED676FA29542C0200887511 /* Info.plist */,
			);
			path = Messenger;
			sourceTree = "<group>";
		};
		CED6770029542DA800887511 /* Controllers */ = {
			isa = PBXGroup;
			children = (
				CED676F029542C0100887511 /* ConversationsViewController.swift */,
				CED677132954345A00887511 /* Login */,
				CED6770A29542EFC00887511 /* PhotoViewerViewController.swift */,
				CED6770C29542F0900887511 /* VideoPlayerViewController.swift */,
				CED6770E29542F2400887511 /* NewConversationViewController.swift */,
				CED6771029542F3D00887511 /* ProfileViewController.swift */,
			);
			path = Controllers;
			sourceTree = "<group>";
		};
		CED6770129542DAE00887511 /* Views */ = {
			isa = PBXGroup;
			children = (
				CED6770529542DF200887511 /* Storyboards */,
			);
			path = Views;
			sourceTree = "<group>";
		};
		CED6770229542DB900887511 /* ViewModels */ = {
			isa = PBXGroup;
			children = (
			);
			path = ViewModels;
			sourceTree = "<group>";
		};
		CED6770329542DC800887511 /* Models */ = {
			isa = PBXGroup;
			children = (
			);
			path = Models;
			sourceTree = "<group>";
		};
		CED6770429542DCE00887511 /* Resources */ = {
			isa = PBXGroup;
			children = (
				CED676EC29542C0100887511 /* AppDelegate.swift */,
				CED676EE29542C0100887511 /* SceneDelegate.swift */,
				CED677142954388500887511 /* Extension.swift */,
				CED6771A2954584300887511 /* DatabaseManager.swift */,
			);
			path = Resources;
			sourceTree = "<group>";
		};
		CED6770529542DF200887511 /* Storyboards */ = {
			isa = PBXGroup;
			children = (
				CED676F229542C0100887511 /* Main.storyboard */,
				CED676F529542C0200887511 /* Assets.xcassets */,
				CED676F729542C0200887511 /* LaunchScreen.storyboard */,
			);
			path = Storyboards;
			sourceTree = "<group>";
		};
		CED677132954345A00887511 /* Login */ = {
			isa = PBXGroup;
			children = (
				CED6770629542ECF00887511 /* LoginViewController.swift */,
				CED6770829542EDF00887511 /* RegisterViewController.swift */,
			);
			path = Login;
			sourceTree = "<group>";
		};
/* End PBXGroup section */

/* Begin PBXNativeTarget section */
		CED676E829542C0100887511 /* Messenger */ = {
			isa = PBXNativeTarget;
			buildConfigurationList = CED676FD29542C0200887511 /* Build configuration list for PBXNativeTarget "Messenger" */;
			buildPhases = (
				9AEA653905ED61080CB61836 /* [CP] Check Pods Manifest.lock */,
				CED676E529542C0100887511 /* Sources */,
				CED676E629542C0100887511 /* Frameworks */,
				CED676E729542C0100887511 /* Resources */,
				4D1C809E2DCD2B24B77981DD /* [CP] Embed Pods Frameworks */,
			);
			buildRules = (
			);
			dependencies = (
			);
			name = Messenger;
			productName = Messenger;
			productReference = CED676E929542C0100887511 /* Messenger.app */;
			productType = "com.apple.product-type.application";
		};
/* End PBXNativeTarget section */

/* Begin PBXProject section */
		CED676E129542C0100887511 /* Project object */ = {
			isa = PBXProject;
			attributes = {
				BuildIndependentTargetsInParallel = 1;
				LastSwiftUpdateCheck = 1410;
				LastUpgradeCheck = 1410;
				TargetAttributes = {
					CED676E829542C0100887511 = {
						CreatedOnToolsVersion = 14.1;
					};
				};
			};
			buildConfigurationList = CED676E429542C0100887511 /* Build configuration list for PBXProject "Messenger" */;
			compatibilityVersion = "Xcode 14.0";
			developmentRegion = en;
			hasScannedForEncodings = 0;
			knownRegions = (
				en,
				Base,
			);
			mainGroup = CED676E029542C0100887511;
			productRefGroup = CED676EA29542C0100887511 /* Products */;
			projectDirPath = "";
			projectRoot = "";
			targets = (
				CED676E829542C0100887511 /* Messenger */,
			);
		};
/* End PBXProject section */

/* Begin PBXResourcesBuildPhase section */
		CED676E729542C0100887511 /* Resources */ = {
			isa = PBXResourcesBuildPhase;
			buildActionMask = 2147483647;
			files = (
				CED676F929542C0200887511 /* LaunchScreen.storyboard in Resources */,
				CED677192954513F00887511 /* GoogleService-Info.plist in Resources */,
				CED676F629542C0200887511 /* Assets.xcassets in Resources */,
				CED676F429542C0100887511 /* Main.storyboard in Resources */,
			);
			runOnlyForDeploymentPostprocessing = 0;
		};
/* End PBXResourcesBuildPhase section */

/* Begin PBXShellScriptBuildPhase section */
		4D1C809E2DCD2B24B77981DD /* [CP] Embed Pods Frameworks */ = {
			isa = PBXShellScriptBuildPhase;
			buildActionMask = 2147483647;
			files = (
			);
			inputFileListPaths = (
				"${PODS_ROOT}/Target Support Files/Pods-Messenger/Pods-Messenger-frameworks-${CONFIGURATION}-input-files.xcfilelist",
			);
			name = "[CP] Embed Pods Frameworks";
			outputFileListPaths = (
				"${PODS_ROOT}/Target Support Files/Pods-Messenger/Pods-Messenger-frameworks-${CONFIGURATION}-output-files.xcfilelist",
			);
			runOnlyForDeploymentPostprocessing = 0;
			shellPath = /bin/sh;
			shellScript = "\"${PODS_ROOT}/Target Support Files/Pods-Messenger/Pods-Messenger-frameworks.sh\"\n";
			showEnvVarsInLog = 0;
		};
		9AEA653905ED61080CB61836 /* [CP] Check Pods Manifest.lock */ = {
			isa = PBXShellScriptBuildPhase;
			buildActionMask = 2147483647;
			files = (
			);
			inputFileListPaths = (
			);
			inputPaths = (
				"${PODS_PODFILE_DIR_PATH}/Podfile.lock",
				"${PODS_ROOT}/Manifest.lock",
			);
			name = "[CP] Check Pods Manifest.lock";
			outputFileListPaths = (
			);
			outputPaths = (
				"$(DERIVED_FILE_DIR)/Pods-Messenger-checkManifestLockResult.txt",
			);
			runOnlyForDeploymentPostprocessing = 0;
			shellPath = /bin/sh;
			shellScript = "diff \"${PODS_PODFILE_DIR_PATH}/Podfile.lock\" \"${PODS_ROOT}/Manifest.lock\" > /dev/null\nif [ $? != 0 ] ; then\n    # print error to STDERR\n    echo \"error: The sandbox is not in sync with the Podfile.lock. Run 'pod install' or update your CocoaPods installation.\" >&2\n    exit 1\nfi\n# This output is used by Xcode 'outputs' to avoid re-running this script phase.\necho \"SUCCESS\" > \"${SCRIPT_OUTPUT_FILE_0}\"\n";
			showEnvVarsInLog = 0;
		};
/* End PBXShellScriptBuildPhase section */

/* Begin PBXSourcesBuildPhase section */
		CED676E529542C0100887511 /* Sources */ = {
			isa = PBXSourcesBuildPhase;
			buildActionMask = 2147483647;
			files = (
				CED6770729542ECF00887511 /* LoginViewController.swift in Sources */,
				CED6771B2954584300887511 /* DatabaseManager.swift in Sources */,
				CED6770929542EDF00887511 /* RegisterViewController.swift in Sources */,
				CED6770F29542F2400887511 /* NewConversationViewController.swift in Sources */,
				CED676F129542C0100887511 /* ConversationsViewController.swift in Sources */,
				CED6770D29542F0900887511 /* VideoPlayerViewController.swift in Sources */,
				CED677152954388500887511 /* Extension.swift in Sources */,
				CED676ED29542C0100887511 /* AppDelegate.swift in Sources */,
				CED6771129542F3D00887511 /* ProfileViewController.swift in Sources */,
				CED676EF29542C0100887511 /* SceneDelegate.swift in Sources */,
				CED6770B29542EFC00887511 /* PhotoViewerViewController.swift in Sources */,
			);
			runOnlyForDeploymentPostprocessing = 0;
		};
/* End PBXSourcesBuildPhase section */

/* Begin PBXVariantGroup section */
		CED676F229542C0100887511 /* Main.storyboard */ = {
			isa = PBXVariantGroup;
			children = (
				CED676F329542C0100887511 /* Base */,
			);
			name = Main.storyboard;
			sourceTree = "<group>";
		};
		CED676F729542C0200887511 /* LaunchScreen.storyboard */ = {
			isa = PBXVariantGroup;
			children = (
				CED676F829542C0200887511 /* Base */,
			);
			name = LaunchScreen.storyboard;
			sourceTree = "<group>";
		};
/* End PBXVariantGroup section */

/* Begin XCBuildConfiguration section */
		CED676FB29542C0200887511 /* Debug */ = {
			isa = XCBuildConfiguration;
			buildSettings = {
				ALWAYS_SEARCH_USER_PATHS = NO;
				CLANG_ANALYZER_NONNULL = YES;
				CLANG_ANALYZER_NUMBER_OBJECT_CONVERSION = YES_AGGRESSIVE;
				CLANG_CXX_LANGUAGE_STANDARD = "gnu++20";
				CLANG_ENABLE_MODULES = YES;
				CLANG_ENABLE_OBJC_ARC = YES;
				CLANG_ENABLE_OBJC_WEAK = YES;
				CLANG_WARN_BLOCK_CAPTURE_AUTORELEASING = YES;
				CLANG_WARN_BOOL_CONVERSION = YES;
				CLANG_WARN_COMMA = YES;
				CLANG_WARN_CONSTANT_CONVERSION = YES;
				CLANG_WARN_DEPRECATED_OBJC_IMPLEMENTATIONS = YES;
				CLANG_WARN_DIRECT_OBJC_ISA_USAGE = YES_ERROR;
				CLANG_WARN_DOCUMENTATION_COMMENTS = YES;
				CLANG_WARN_EMPTY_BODY = YES;
				CLANG_WARN_ENUM_CONVERSION = YES;
				CLANG_WARN_INFINITE_RECURSION = YES;
				CLANG_WARN_INT_CONVERSION = YES;
				CLANG_WARN_NON_LITERAL_NULL_CONVERSION = YES;
				CLANG_WARN_OBJC_IMPLICIT_RETAIN_SELF = YES;
				CLANG_WARN_OBJC_LITERAL_CONVERSION = YES;
				CLANG_WARN_OBJC_ROOT_CLASS = YES_ERROR;
				CLANG_WARN_QUOTED_INCLUDE_IN_FRAMEWORK_HEADER = YES;
				CLANG_WARN_RANGE_LOOP_ANALYSIS = YES;
				CLANG_WARN_STRICT_PROTOTYPES = YES;
				CLANG_WARN_SUSPICIOUS_MOVE = YES;
				CLANG_WARN_UNGUARDED_AVAILABILITY = YES_AGGRESSIVE;
				CLANG_WARN_UNREACHABLE_CODE = YES;
				CLANG_WARN__DUPLICATE_METHOD_MATCH = YES;
				COPY_PHASE_STRIP = NO;
				DEBUG_INFORMATION_FORMAT = dwarf;
				ENABLE_STRICT_OBJC_MSGSEND = YES;
				ENABLE_TESTABILITY = YES;
				GCC_C_LANGUAGE_STANDARD = gnu11;
				GCC_DYNAMIC_NO_PIC = NO;
				GCC_NO_COMMON_BLOCKS = YES;
				GCC_OPTIMIZATION_LEVEL = 0;
				GCC_PREPROCESSOR_DEFINITIONS = (
					"DEBUG=1",
					"$(inherited)",
				);
				GCC_WARN_64_TO_32_BIT_CONVERSION = YES;
				GCC_WARN_ABOUT_RETURN_TYPE = YES_ERROR;
				GCC_WARN_UNDECLARED_SELECTOR = YES;
				GCC_WARN_UNINITIALIZED_AUTOS = YES_AGGRESSIVE;
				GCC_WARN_UNUSED_FUNCTION = YES;
				GCC_WARN_UNUSED_VARIABLE = YES;
				IPHONEOS_DEPLOYMENT_TARGET = 13.0;
				MTL_ENABLE_DEBUG_INFO = INCLUDE_SOURCE;
				MTL_FAST_MATH = YES;
				ONLY_ACTIVE_ARCH = YES;
				SDKROOT = iphoneos;
				SWIFT_ACTIVE_COMPILATION_CONDITIONS = DEBUG;
				SWIFT_OPTIMIZATION_LEVEL = "-Onone";
			};
			name = Debug;
		};
		CED676FC29542C0200887511 /* Release */ = {
			isa = XCBuildConfiguration;
			buildSettings = {
				ALWAYS_SEARCH_USER_PATHS = NO;
				CLANG_ANALYZER_NONNULL = YES;
				CLANG_ANALYZER_NUMBER_OBJECT_CONVERSION = YES_AGGRESSIVE;
				CLANG_CXX_LANGUAGE_STANDARD = "gnu++20";
				CLANG_ENABLE_MODULES = YES;
				CLANG_ENABLE_OBJC_ARC = YES;
				CLANG_ENABLE_OBJC_WEAK = YES;
				CLANG_WARN_BLOCK_CAPTURE_AUTORELEASING = YES;
				CLANG_WARN_BOOL_CONVERSION = YES;
				CLANG_WARN_COMMA = YES;
				CLANG_WARN_CONSTANT_CONVERSION = YES;
				CLANG_WARN_DEPRECATED_OBJC_IMPLEMENTATIONS = YES;
				CLANG_WARN_DIRECT_OBJC_ISA_USAGE = YES_ERROR;
				CLANG_WARN_DOCUMENTATION_COMMENTS = YES;
				CLANG_WARN_EMPTY_BODY = YES;
				CLANG_WARN_ENUM_CONVERSION = YES;
				CLANG_WARN_INFINITE_RECURSION = YES;
				CLANG_WARN_INT_CONVERSION = YES;
				CLANG_WARN_NON_LITERAL_NULL_CONVERSION = YES;
				CLANG_WARN_OBJC_IMPLICIT_RETAIN_SELF = YES;
				CLANG_WARN_OBJC_LITERAL_CONVERSION = YES;
				CLANG_WARN_OBJC_ROOT_CLASS = YES_ERROR;
				CLANG_WARN_QUOTED_INCLUDE_IN_FRAMEWORK_HEADER = YES;
				CLANG_WARN_RANGE_LOOP_ANALYSIS = YES;
				CLANG_WARN_STRICT_PROTOTYPES = YES;
				CLANG_WARN_SUSPICIOUS_MOVE = YES;
				CLANG_WARN_UNGUARDED_AVAILABILITY = YES_AGGRESSIVE;
				CLANG_WARN_UNREACHABLE_CODE = YES;
				CLANG_WARN__DUPLICATE_METHOD_MATCH = YES;
				COPY_PHASE_STRIP = NO;
				DEBUG_INFORMATION_FORMAT = "dwarf-with-dsym";
				ENABLE_NS_ASSERTIONS = NO;
				ENABLE_STRICT_OBJC_MSGSEND = YES;
				GCC_C_LANGUAGE_STANDARD = gnu11;
				GCC_NO_COMMON_BLOCKS = YES;
				GCC_WARN_64_TO_32_BIT_CONVERSION = YES;
				GCC_WARN_ABOUT_RETURN_TYPE = YES_ERROR;
				GCC_WARN_UNDECLARED_SELECTOR = YES;
				GCC_WARN_UNINITIALIZED_AUTOS = YES_AGGRESSIVE;
				GCC_WARN_UNUSED_FUNCTION = YES;
				GCC_WARN_UNUSED_VARIABLE = YES;
				IPHONEOS_DEPLOYMENT_TARGET = 13.0;
				MTL_ENABLE_DEBUG_INFO = NO;
				MTL_FAST_MATH = YES;
				SDKROOT = iphoneos;
				SWIFT_COMPILATION_MODE = wholemodule;
				SWIFT_OPTIMIZATION_LEVEL = "-O";
				VALIDATE_PRODUCT = YES;
			};
			name = Release;
		};
		CED676FE29542C0200887511 /* Debug */ = {
			isa = XCBuildConfiguration;
			baseConfigurationReference = DDB1AC9B602988443BCBC1EA /* Pods-Messenger.debug.xcconfig */;
			buildSettings = {
				ASSETCATALOG_COMPILER_APPICON_NAME = AppIcon;
				ASSETCATALOG_COMPILER_GLOBAL_ACCENT_COLOR_NAME = AccentColor;
				CODE_SIGN_STYLE = Automatic;
				CURRENT_PROJECT_VERSION = 1;
				DEVELOPMENT_TEAM = DXQ87QDB5J;
				GENERATE_INFOPLIST_FILE = YES;
				INFOPLIST_FILE = Messenger/Info.plist;
				INFOPLIST_KEY_NSCameraUsageDescription = "Please allow access to take a profile picture";
				INFOPLIST_KEY_NSPhotoLibraryAddUsageDescription = "Please allow access to select a photo for your profile";
				INFOPLIST_KEY_UIApplicationSupportsIndirectInputEvents = YES;
				INFOPLIST_KEY_UILaunchStoryboardName = LaunchScreen;
				INFOPLIST_KEY_UIMainStoryboardFile = Main;
				INFOPLIST_KEY_UISupportedInterfaceOrientations = UIInterfaceOrientationPortrait;
				IPHONEOS_DEPLOYMENT_TARGET = 13.0;
				LD_RUNPATH_SEARCH_PATHS = (
					"$(inherited)",
					"@executable_path/Frameworks",
				);
				MARKETING_VERSION = 1.0;
				PRODUCT_BUNDLE_IDENTIFIER = com.choi.Messenger;
				PRODUCT_NAME = "$(TARGET_NAME)";
				SUPPORTED_PLATFORMS = "iphoneos iphonesimulator";
				SUPPORTS_MACCATALYST = NO;
				SUPPORTS_MAC_DESIGNED_FOR_IPHONE_IPAD = NO;
				SWIFT_EMIT_LOC_STRINGS = YES;
				SWIFT_VERSION = 5.0;
				TARGETED_DEVICE_FAMILY = "1,2";
			};
			name = Debug;
		};
		CED676FF29542C0200887511 /* Release */ = {
			isa = XCBuildConfiguration;
			baseConfigurationReference = 5621CC8A2F0356B7604B6AB8 /* Pods-Messenger.release.xcconfig */;
			buildSettings = {
				ASSETCATALOG_COMPILER_APPICON_NAME = AppIcon;
				ASSETCATALOG_COMPILER_GLOBAL_ACCENT_COLOR_NAME = AccentColor;
				CODE_SIGN_STYLE = Automatic;
				CURRENT_PROJECT_VERSION = 1;
				DEVELOPMENT_TEAM = DXQ87QDB5J;
				GENERATE_INFOPLIST_FILE = YES;
				INFOPLIST_FILE = Messenger/Info.plist;
				INFOPLIST_KEY_NSCameraUsageDescription = "Please allow access to take a profile picture";
				INFOPLIST_KEY_NSPhotoLibraryAddUsageDescription = "Please allow access to select a photo for your profile";
				INFOPLIST_KEY_UIApplicationSupportsIndirectInputEvents = YES;
				INFOPLIST_KEY_UILaunchStoryboardName = LaunchScreen;
				INFOPLIST_KEY_UIMainStoryboardFile = Main;
				INFOPLIST_KEY_UISupportedInterfaceOrientations = UIInterfaceOrientationPortrait;
				IPHONEOS_DEPLOYMENT_TARGET = 13.0;
				LD_RUNPATH_SEARCH_PATHS = (
					"$(inherited)",
					"@executable_path/Frameworks",
				);
				MARKETING_VERSION = 1.0;
				PRODUCT_BUNDLE_IDENTIFIER = com.choi.Messenger;
				PRODUCT_NAME = "$(TARGET_NAME)";
				SUPPORTED_PLATFORMS = "iphoneos iphonesimulator";
				SUPPORTS_MACCATALYST = NO;
				SUPPORTS_MAC_DESIGNED_FOR_IPHONE_IPAD = NO;
				SWIFT_EMIT_LOC_STRINGS = YES;
				SWIFT_VERSION = 5.0;
				TARGETED_DEVICE_FAMILY = "1,2";
			};
			name = Release;
		};
/* End XCBuildConfiguration section */

/* Begin XCConfigurationList section */
		CED676E429542C0100887511 /* Build configuration list for PBXProject "Messenger" */ = {
			isa = XCConfigurationList;
			buildConfigurations = (
				CED676FB29542C0200887511 /* Debug */,
				CED676FC29542C0200887511 /* Release */,
			);
			defaultConfigurationIsVisible = 0;
			defaultConfigurationName = Release;
		};
		CED676FD29542C0200887511 /* Build configuration list for PBXNativeTarget "Messenger" */ = {
			isa = XCConfigurationList;
			buildConfigurations = (
				CED676FE29542C0200887511 /* Debug */,
				CED676FF29542C0200887511 /* Release */,
			);
			defaultConfigurationIsVisible = 0;
			defaultConfigurationName = Release;
		};
/* End XCConfigurationList section */
	};
	rootObject = CED676E129542C0100887511 /* Project object */;
}
